// !$*UTF8*$!
{
	archiveVersion = 1;
	classes = {
	};
	objectVersion = 51;
	objects = {

/* Begin PBXBuildFile section */
		78064BCCB19484E70510B8E7 /* Pods_RandomChoiceApp.framework in Frameworks */ = {isa = PBXBuildFile; fileRef = 3009E936E1D45001D6DCD36B /* Pods_RandomChoiceApp.framework */; };
		C517BD2625CFACC600520D0A /* ResultStoreDataModelTests.swift in Sources */ = {isa = PBXBuildFile; fileRef = C517BD2525CFACC600520D0A /* ResultStoreDataModelTests.swift */; };
		C5194F9924E085A40050DE18 /* StoreDataCrudModel.swift in Sources */ = {isa = PBXBuildFile; fileRef = C5194F9824E085A40050DE18 /* StoreDataCrudModel.swift */; };
		C5194F9B24E174D60050DE18 /* StoreData.swift in Sources */ = {isa = PBXBuildFile; fileRef = C5194F9A24E174D60050DE18 /* StoreData.swift */; };
		C5202BC024FAEAD300656F6D /* Constraints.swift in Sources */ = {isa = PBXBuildFile; fileRef = C5202BBF24FAEAD300656F6D /* Constraints.swift */; };
		C5202C0424FAFD9500656F6D /* RandomChoiceTests.swift in Sources */ = {isa = PBXBuildFile; fileRef = C5202C0324FAFD9500656F6D /* RandomChoiceTests.swift */; };
		C53EB1F7256D898D00C98935 /* AlertDisplayable.swift in Sources */ = {isa = PBXBuildFile; fileRef = C53EB1F6256D898D00C98935 /* AlertDisplayable.swift */; };
		C548E98524C5EFE5008685D7 /* CommonActionButtonTableViewCell.swift in Sources */ = {isa = PBXBuildFile; fileRef = C548E98324C5EFE5008685D7 /* CommonActionButtonTableViewCell.swift */; };
		C548E98624C5EFE5008685D7 /* CommonActionButtonTableViewCell.xib in Resources */ = {isa = PBXBuildFile; fileRef = C548E98424C5EFE5008685D7 /* CommonActionButtonTableViewCell.xib */; };
		C5780BB124C4997A0007972D /* SignupCategoryTableViewCell.swift in Sources */ = {isa = PBXBuildFile; fileRef = C5780BAF24C4997A0007972D /* SignupCategoryTableViewCell.swift */; };
		C5780BB224C4997A0007972D /* SignupCategoryTableViewCell.xib in Resources */ = {isa = PBXBuildFile; fileRef = C5780BB024C4997A0007972D /* SignupCategoryTableViewCell.xib */; };
		C59B1DDF24E9FD5E0060C622 /* UserLoginModel.swift in Sources */ = {isa = PBXBuildFile; fileRef = C59B1DDE24E9FD5E0060C622 /* UserLoginModel.swift */; };
		C5A909CB25DEEE200008249D /* SkeletonView.framework in Frameworks */ = {isa = PBXBuildFile; fileRef = C5A909CA25DEEE200008249D /* SkeletonView.framework */; };
		C5A909D025DEEE480008249D /* Reachability.framework in Frameworks */ = {isa = PBXBuildFile; fileRef = C5A909CF25DEEE480008249D /* Reachability.framework */; };
		C5C4B8A0258A5C4800FD2BFE /* CategoryListType.swift in Sources */ = {isa = PBXBuildFile; fileRef = C5C4B89F258A5C4800FD2BFE /* CategoryListType.swift */; };
		C5F76772259F93E600EF11A0 /* ExtractResultLogic.swift in Sources */ = {isa = PBXBuildFile; fileRef = C5F76771259F93E600EF11A0 /* ExtractResultLogic.swift */; };
		C5F7780B25BDC64200BB0F98 /* StoreDataContentsModelTests.swift in Sources */ = {isa = PBXBuildFile; fileRef = C5F7780A25BDC64200BB0F98 /* StoreDataContentsModelTests.swift */; };
		C5F7785225BDCA1900BB0F98 /* StoreCategoryModelTests.swift in Sources */ = {isa = PBXBuildFile; fileRef = C5F7785125BDCA1900BB0F98 /* StoreCategoryModelTests.swift */; };
		E0967DC735B9FF4018BDED7F /* Pods_RandomChoiceTests.framework in Frameworks */ = {isa = PBXBuildFile; fileRef = B797F95A8180F829E3D7BA51 /* Pods_RandomChoiceTests.framework */; };
		E3396A4724F90AE10020AF8E /* EditViewController.swift in Sources */ = {isa = PBXBuildFile; fileRef = E3396A4624F90AE10020AF8E /* EditViewController.swift */; };
		E3549029256B92E20038305A /* SettingViewController.swift in Sources */ = {isa = PBXBuildFile; fileRef = E3549028256B92E20038305A /* SettingViewController.swift */; };
		E354902F256BF2C40038305A /* SettingTableViewCell.swift in Sources */ = {isa = PBXBuildFile; fileRef = E354902D256BF2C40038305A /* SettingTableViewCell.swift */; };
		E3549030256BF2C40038305A /* SettingTableViewCell.xib in Resources */ = {isa = PBXBuildFile; fileRef = E354902E256BF2C40038305A /* SettingTableViewCell.xib */; };
		E354B6AF24C42E8E00759289 /* AppDelegate.swift in Sources */ = {isa = PBXBuildFile; fileRef = E354B6AE24C42E8E00759289 /* AppDelegate.swift */; };
		E354B6B124C42E8E00759289 /* SceneDelegate.swift in Sources */ = {isa = PBXBuildFile; fileRef = E354B6B024C42E8E00759289 /* SceneDelegate.swift */; };
		E354B6B324C42E8E00759289 /* RandomChoiceViewController.swift in Sources */ = {isa = PBXBuildFile; fileRef = E354B6B224C42E8E00759289 /* RandomChoiceViewController.swift */; };
		E354B6B624C42E8E00759289 /* Main.storyboard in Resources */ = {isa = PBXBuildFile; fileRef = E354B6B424C42E8E00759289 /* Main.storyboard */; };
		E354B6B824C42E9400759289 /* Assets.xcassets in Resources */ = {isa = PBXBuildFile; fileRef = E354B6B724C42E9400759289 /* Assets.xcassets */; };
		E354B6BB24C42E9400759289 /* LaunchScreen.storyboard in Resources */ = {isa = PBXBuildFile; fileRef = E354B6B924C42E9400759289 /* LaunchScreen.storyboard */; };
		E3955A3524C4682F0028FD67 /* ListViewController.swift in Sources */ = {isa = PBXBuildFile; fileRef = E3955A3424C4682F0028FD67 /* ListViewController.swift */; };
		E3955A3724C468590028FD67 /* SignupViewController.swift in Sources */ = {isa = PBXBuildFile; fileRef = E3955A3624C468590028FD67 /* SignupViewController.swift */; };
		E3955A3A24C5635C0028FD67 /* ListPageTableViewCell.swift in Sources */ = {isa = PBXBuildFile; fileRef = E3955A3824C5635C0028FD67 /* ListPageTableViewCell.swift */; };
		E3955A3B24C5635C0028FD67 /* ListPageTableViewCell.xib in Resources */ = {isa = PBXBuildFile; fileRef = E3955A3924C5635C0028FD67 /* ListPageTableViewCell.xib */; };
		E3955A4224C6D1E60028FD67 /* RandomChoiceButtonTableViewCell.swift in Sources */ = {isa = PBXBuildFile; fileRef = E3955A4024C6D1E60028FD67 /* RandomChoiceButtonTableViewCell.swift */; };
		E3955A4324C6D1E60028FD67 /* RandomChoiceButtonTableViewCell.xib in Resources */ = {isa = PBXBuildFile; fileRef = E3955A4124C6D1E60028FD67 /* RandomChoiceButtonTableViewCell.xib */; };
		E3D7A6BD24CDF0CB005B3249 /* GoogleService-Info.plist in Resources */ = {isa = PBXBuildFile; fileRef = E3D7A6BC24CDF0CB005B3249 /* GoogleService-Info.plist */; };
/* End PBXBuildFile section */

/* Begin PBXContainerItemProxy section */
		C5202C0624FAFD9500656F6D /* PBXContainerItemProxy */ = {
			isa = PBXContainerItemProxy;
			containerPortal = E354B6A324C42E8E00759289 /* Project object */;
			proxyType = 1;
			remoteGlobalIDString = E354B6AA24C42E8E00759289;
			remoteInfo = RandomChoiceApp;
		};
/* End PBXContainerItemProxy section */

/* Begin PBXFileReference section */
		3009E936E1D45001D6DCD36B /* Pods_RandomChoiceApp.framework */ = {isa = PBXFileReference; explicitFileType = wrapper.framework; includeInIndex = 0; path = Pods_RandomChoiceApp.framework; sourceTree = BUILT_PRODUCTS_DIR; };
		60B974E3F6D0AD7408FF8D9C /* Pods-RandomChoiceApp.release.xcconfig */ = {isa = PBXFileReference; includeInIndex = 1; lastKnownFileType = text.xcconfig; name = "Pods-RandomChoiceApp.release.xcconfig"; path = "Target Support Files/Pods-RandomChoiceApp/Pods-RandomChoiceApp.release.xcconfig"; sourceTree = "<group>"; };
		7FEDBCF6B58ECFEE21A0115D /* Pods-RandomChoiceTests.debug.xcconfig */ = {isa = PBXFileReference; includeInIndex = 1; lastKnownFileType = text.xcconfig; name = "Pods-RandomChoiceTests.debug.xcconfig"; path = "Target Support Files/Pods-RandomChoiceTests/Pods-RandomChoiceTests.debug.xcconfig"; sourceTree = "<group>"; };
		A6C815289E2C4FE1DBEFF09F /* Pods-RandomChoiceTests.release.xcconfig */ = {isa = PBXFileReference; includeInIndex = 1; lastKnownFileType = text.xcconfig; name = "Pods-RandomChoiceTests.release.xcconfig"; path = "Target Support Files/Pods-RandomChoiceTests/Pods-RandomChoiceTests.release.xcconfig"; sourceTree = "<group>"; };
		B797F95A8180F829E3D7BA51 /* Pods_RandomChoiceTests.framework */ = {isa = PBXFileReference; explicitFileType = wrapper.framework; includeInIndex = 0; path = Pods_RandomChoiceTests.framework; sourceTree = BUILT_PRODUCTS_DIR; };
		C517BD2525CFACC600520D0A /* ResultStoreDataModelTests.swift */ = {isa = PBXFileReference; lastKnownFileType = sourcecode.swift; path = ResultStoreDataModelTests.swift; sourceTree = "<group>"; };
		C5194F9824E085A40050DE18 /* StoreDataCrudModel.swift */ = {isa = PBXFileReference; fileEncoding = 4; lastKnownFileType = sourcecode.swift; path = StoreDataCrudModel.swift; sourceTree = "<group>"; };
		C5194F9A24E174D60050DE18 /* StoreData.swift */ = {isa = PBXFileReference; lastKnownFileType = sourcecode.swift; path = StoreData.swift; sourceTree = "<group>"; };
		C5202BBF24FAEAD300656F6D /* Constraints.swift */ = {isa = PBXFileReference; lastKnownFileType = sourcecode.swift; path = Constraints.swift; sourceTree = "<group>"; };
		C5202C0124FAFD9500656F6D /* RandomChoiceTests.xctest */ = {isa = PBXFileReference; explicitFileType = wrapper.cfbundle; includeInIndex = 0; path = RandomChoiceTests.xctest; sourceTree = BUILT_PRODUCTS_DIR; };
		C5202C0324FAFD9500656F6D /* RandomChoiceTests.swift */ = {isa = PBXFileReference; lastKnownFileType = sourcecode.swift; path = RandomChoiceTests.swift; sourceTree = "<group>"; };
		C5202C0524FAFD9500656F6D /* Info.plist */ = {isa = PBXFileReference; lastKnownFileType = text.plist.xml; path = Info.plist; sourceTree = "<group>"; };
		C53EB1F6256D898D00C98935 /* AlertDisplayable.swift */ = {isa = PBXFileReference; lastKnownFileType = sourcecode.swift; path = AlertDisplayable.swift; sourceTree = "<group>"; };
		C548E98324C5EFE5008685D7 /* CommonActionButtonTableViewCell.swift */ = {isa = PBXFileReference; lastKnownFileType = sourcecode.swift; path = CommonActionButtonTableViewCell.swift; sourceTree = "<group>"; };
		C548E98424C5EFE5008685D7 /* CommonActionButtonTableViewCell.xib */ = {isa = PBXFileReference; lastKnownFileType = file.xib; path = CommonActionButtonTableViewCell.xib; sourceTree = "<group>"; };
		C5780BAF24C4997A0007972D /* SignupCategoryTableViewCell.swift */ = {isa = PBXFileReference; lastKnownFileType = sourcecode.swift; path = SignupCategoryTableViewCell.swift; sourceTree = "<group>"; };
		C5780BB024C4997A0007972D /* SignupCategoryTableViewCell.xib */ = {isa = PBXFileReference; lastKnownFileType = file.xib; path = SignupCategoryTableViewCell.xib; sourceTree = "<group>"; };
		C59B1DDE24E9FD5E0060C622 /* UserLoginModel.swift */ = {isa = PBXFileReference; lastKnownFileType = sourcecode.swift; path = UserLoginModel.swift; sourceTree = "<group>"; };
		C5A909CA25DEEE200008249D /* SkeletonView.framework */ = {isa = PBXFileReference; lastKnownFileType = wrapper.framework; name = SkeletonView.framework; path = Carthage/Build/iOS/SkeletonView.framework; sourceTree = "<group>"; };
		C5A909CF25DEEE480008249D /* Reachability.framework */ = {isa = PBXFileReference; lastKnownFileType = wrapper.framework; name = Reachability.framework; path = Carthage/Build/iOS/Reachability.framework; sourceTree = "<group>"; };
		C5C4B89F258A5C4800FD2BFE /* CategoryListType.swift */ = {isa = PBXFileReference; lastKnownFileType = sourcecode.swift; path = CategoryListType.swift; sourceTree = "<group>"; };
		C5F76771259F93E600EF11A0 /* ExtractResultLogic.swift */ = {isa = PBXFileReference; lastKnownFileType = sourcecode.swift; path = ExtractResultLogic.swift; sourceTree = "<group>"; };
		C5F7780A25BDC64200BB0F98 /* StoreDataContentsModelTests.swift */ = {isa = PBXFileReference; lastKnownFileType = sourcecode.swift; path = StoreDataContentsModelTests.swift; sourceTree = "<group>"; };
		C5F7785125BDCA1900BB0F98 /* StoreCategoryModelTests.swift */ = {isa = PBXFileReference; lastKnownFileType = sourcecode.swift; path = StoreCategoryModelTests.swift; sourceTree = "<group>"; };
		D53F25C5FFD3771D4FEDB82B /* Pods-RandomChoiceApp.debug.xcconfig */ = {isa = PBXFileReference; includeInIndex = 1; lastKnownFileType = text.xcconfig; name = "Pods-RandomChoiceApp.debug.xcconfig"; path = "Target Support Files/Pods-RandomChoiceApp/Pods-RandomChoiceApp.debug.xcconfig"; sourceTree = "<group>"; };
		E3396A4624F90AE10020AF8E /* EditViewController.swift */ = {isa = PBXFileReference; lastKnownFileType = sourcecode.swift; path = EditViewController.swift; sourceTree = "<group>"; };
		E3549028256B92E20038305A /* SettingViewController.swift */ = {isa = PBXFileReference; lastKnownFileType = sourcecode.swift; path = SettingViewController.swift; sourceTree = "<group>"; };
		E354902D256BF2C40038305A /* SettingTableViewCell.swift */ = {isa = PBXFileReference; lastKnownFileType = sourcecode.swift; path = SettingTableViewCell.swift; sourceTree = "<group>"; };
		E354902E256BF2C40038305A /* SettingTableViewCell.xib */ = {isa = PBXFileReference; lastKnownFileType = file.xib; path = SettingTableViewCell.xib; sourceTree = "<group>"; };
		E354B6AB24C42E8E00759289 /* Debugさいころdeごはん.app */ = {isa = PBXFileReference; explicitFileType = wrapper.application; includeInIndex = 0; path = "Debugさいころdeごはん.app"; sourceTree = BUILT_PRODUCTS_DIR; };
		E354B6AE24C42E8E00759289 /* AppDelegate.swift */ = {isa = PBXFileReference; lastKnownFileType = sourcecode.swift; path = AppDelegate.swift; sourceTree = "<group>"; };
		E354B6B024C42E8E00759289 /* SceneDelegate.swift */ = {isa = PBXFileReference; lastKnownFileType = sourcecode.swift; path = SceneDelegate.swift; sourceTree = "<group>"; };
		E354B6B224C42E8E00759289 /* RandomChoiceViewController.swift */ = {isa = PBXFileReference; lastKnownFileType = sourcecode.swift; path = RandomChoiceViewController.swift; sourceTree = "<group>"; };
		E354B6B524C42E8E00759289 /* Base */ = {isa = PBXFileReference; lastKnownFileType = file.storyboard; name = Base; path = Base.lproj/Main.storyboard; sourceTree = "<group>"; };
		E354B6B724C42E9400759289 /* Assets.xcassets */ = {isa = PBXFileReference; lastKnownFileType = folder.assetcatalog; path = Assets.xcassets; sourceTree = "<group>"; };
		E354B6BA24C42E9400759289 /* Base */ = {isa = PBXFileReference; lastKnownFileType = file.storyboard; name = Base; path = Base.lproj/LaunchScreen.storyboard; sourceTree = "<group>"; };
		E354B6BC24C42E9400759289 /* Info.plist */ = {isa = PBXFileReference; lastKnownFileType = text.plist.xml; path = Info.plist; sourceTree = "<group>"; };
		E3955A3424C4682F0028FD67 /* ListViewController.swift */ = {isa = PBXFileReference; lastKnownFileType = sourcecode.swift; path = ListViewController.swift; sourceTree = "<group>"; };
		E3955A3624C468590028FD67 /* SignupViewController.swift */ = {isa = PBXFileReference; lastKnownFileType = sourcecode.swift; path = SignupViewController.swift; sourceTree = "<group>"; };
		E3955A3824C5635C0028FD67 /* ListPageTableViewCell.swift */ = {isa = PBXFileReference; lastKnownFileType = sourcecode.swift; path = ListPageTableViewCell.swift; sourceTree = "<group>"; };
		E3955A3924C5635C0028FD67 /* ListPageTableViewCell.xib */ = {isa = PBXFileReference; lastKnownFileType = file.xib; path = ListPageTableViewCell.xib; sourceTree = "<group>"; };
		E3955A4024C6D1E60028FD67 /* RandomChoiceButtonTableViewCell.swift */ = {isa = PBXFileReference; lastKnownFileType = sourcecode.swift; path = RandomChoiceButtonTableViewCell.swift; sourceTree = "<group>"; };
		E3955A4124C6D1E60028FD67 /* RandomChoiceButtonTableViewCell.xib */ = {isa = PBXFileReference; lastKnownFileType = file.xib; path = RandomChoiceButtonTableViewCell.xib; sourceTree = "<group>"; };
		E3D7A6BC24CDF0CB005B3249 /* GoogleService-Info.plist */ = {isa = PBXFileReference; fileEncoding = 4; lastKnownFileType = text.plist.xml; path = "GoogleService-Info.plist"; sourceTree = "<group>"; };
/* End PBXFileReference section */

/* Begin PBXFrameworksBuildPhase section */
		C5202BFE24FAFD9500656F6D /* Frameworks */ = {
			isa = PBXFrameworksBuildPhase;
			buildActionMask = 2147483647;
			files = (
				E0967DC735B9FF4018BDED7F /* Pods_RandomChoiceTests.framework in Frameworks */,
			);
			runOnlyForDeploymentPostprocessing = 0;
		};
		E354B6A824C42E8E00759289 /* Frameworks */ = {
			isa = PBXFrameworksBuildPhase;
			buildActionMask = 2147483647;
			files = (
				C5A909CB25DEEE200008249D /* SkeletonView.framework in Frameworks */,
				C5A909D025DEEE480008249D /* Reachability.framework in Frameworks */,
				78064BCCB19484E70510B8E7 /* Pods_RandomChoiceApp.framework in Frameworks */,
			);
			runOnlyForDeploymentPostprocessing = 0;
		};
/* End PBXFrameworksBuildPhase section */

/* Begin PBXGroup section */
		2C2EC87DC680A439137D46EF /* Pods */ = {
			isa = PBXGroup;
			children = (
				D53F25C5FFD3771D4FEDB82B /* Pods-RandomChoiceApp.debug.xcconfig */,
				60B974E3F6D0AD7408FF8D9C /* Pods-RandomChoiceApp.release.xcconfig */,
				7FEDBCF6B58ECFEE21A0115D /* Pods-RandomChoiceTests.debug.xcconfig */,
				A6C815289E2C4FE1DBEFF09F /* Pods-RandomChoiceTests.release.xcconfig */,
			);
			path = Pods;
			sourceTree = "<group>";
		};
		62D854F43F6BE4327B542DA9 /* Frameworks */ = {
			isa = PBXGroup;
			children = (
				C5A909CF25DEEE480008249D /* Reachability.framework */,
				C5A909CA25DEEE200008249D /* SkeletonView.framework */,
				3009E936E1D45001D6DCD36B /* Pods_RandomChoiceApp.framework */,
				B797F95A8180F829E3D7BA51 /* Pods_RandomChoiceTests.framework */,
			);
			name = Frameworks;
			sourceTree = "<group>";
		};
		C5202C0224FAFD9500656F6D /* RandomChoiceTests */ = {
			isa = PBXGroup;
			children = (
				C5F7780925BDC62F00BB0F98 /* Model */,
				C5202C0324FAFD9500656F6D /* RandomChoiceTests.swift */,
				C5202C0524FAFD9500656F6D /* Info.plist */,
			);
			path = RandomChoiceTests;
			sourceTree = "<group>";
		};
		C53EB1FB256D8DC900C98935 /* Extension */ = {
			isa = PBXGroup;
			children = (
				C53EB1F6256D898D00C98935 /* AlertDisplayable.swift */,
			);
			path = Extension;
			sourceTree = "<group>";
		};
		C548E98724C69C68008685D7 /* Cells */ = {
			isa = PBXGroup;
			children = (
				E3955A3824C5635C0028FD67 /* ListPageTableViewCell.swift */,
				E3955A3924C5635C0028FD67 /* ListPageTableViewCell.xib */,
				E3955A4024C6D1E60028FD67 /* RandomChoiceButtonTableViewCell.swift */,
				E3955A4124C6D1E60028FD67 /* RandomChoiceButtonTableViewCell.xib */,
				C5780BAF24C4997A0007972D /* SignupCategoryTableViewCell.swift */,
				C5780BB024C4997A0007972D /* SignupCategoryTableViewCell.xib */,
				C548E98324C5EFE5008685D7 /* CommonActionButtonTableViewCell.swift */,
				C548E98424C5EFE5008685D7 /* CommonActionButtonTableViewCell.xib */,
				E354902D256BF2C40038305A /* SettingTableViewCell.swift */,
				E354902E256BF2C40038305A /* SettingTableViewCell.xib */,
			);
			path = Cells;
			sourceTree = "<group>";
		};
		C5780BAA24C46B000007972D /* Controller */ = {
			isa = PBXGroup;
			children = (
				C53EB1FB256D8DC900C98935 /* Extension */,
				E354B6AE24C42E8E00759289 /* AppDelegate.swift */,
				E354B6B024C42E8E00759289 /* SceneDelegate.swift */,
				E354B6B224C42E8E00759289 /* RandomChoiceViewController.swift */,
				E3955A3424C4682F0028FD67 /* ListViewController.swift */,
				E3955A3624C468590028FD67 /* SignupViewController.swift */,
				E3396A4624F90AE10020AF8E /* EditViewController.swift */,
				E3549028256B92E20038305A /* SettingViewController.swift */,
			);
			path = Controller;
			sourceTree = "<group>";
		};
		C5780BAB24C46B030007972D /* View */ = {
			isa = PBXGroup;
			children = (
				E354B6B924C42E9400759289 /* LaunchScreen.storyboard */,
				E354B6B424C42E8E00759289 /* Main.storyboard */,
				E354B6B724C42E9400759289 /* Assets.xcassets */,
				C548E98724C69C68008685D7 /* Cells */,
				C5C4B89F258A5C4800FD2BFE /* CategoryListType.swift */,
			);
			path = View;
			sourceTree = "<group>";
		};
		C5F7780925BDC62F00BB0F98 /* Model */ = {
			isa = PBXGroup;
			children = (
				C5F7780A25BDC64200BB0F98 /* StoreDataContentsModelTests.swift */,
				C5F7785125BDCA1900BB0F98 /* StoreCategoryModelTests.swift */,
				C517BD2525CFACC600520D0A /* ResultStoreDataModelTests.swift */,
			);
			path = Model;
			sourceTree = "<group>";
		};
		E354B6A224C42E8E00759289 = {
			isa = PBXGroup;
			children = (
				E354B6AD24C42E8E00759289 /* RandomChoiceApp */,
				C5202C0224FAFD9500656F6D /* RandomChoiceTests */,
				E354B6AC24C42E8E00759289 /* Products */,
				2C2EC87DC680A439137D46EF /* Pods */,
				62D854F43F6BE4327B542DA9 /* Frameworks */,
			);
			sourceTree = "<group>";
		};
		E354B6AC24C42E8E00759289 /* Products */ = {
			isa = PBXGroup;
			children = (
				E354B6AB24C42E8E00759289 /* Debugさいころdeごはん.app */,
				C5202C0124FAFD9500656F6D /* RandomChoiceTests.xctest */,
			);
			name = Products;
			sourceTree = "<group>";
		};
		E354B6AD24C42E8E00759289 /* RandomChoiceApp */ = {
			isa = PBXGroup;
			children = (
				E3D7A6BB24CADC25005B3249 /* Model */,
				C5780BAB24C46B030007972D /* View */,
				C5780BAA24C46B000007972D /* Controller */,
				C5202BBF24FAEAD300656F6D /* Constraints.swift */,
				E354B6BC24C42E9400759289 /* Info.plist */,
				E3D7A6BC24CDF0CB005B3249 /* GoogleService-Info.plist */,
			);
			path = RandomChoiceApp;
			sourceTree = "<group>";
		};
		E3D7A6BB24CADC25005B3249 /* Model */ = {
			isa = PBXGroup;
			children = (
				C5194F9824E085A40050DE18 /* StoreDataCrudModel.swift */,
				C5194F9A24E174D60050DE18 /* StoreData.swift */,
				C59B1DDE24E9FD5E0060C622 /* UserLoginModel.swift */,
				C5F76771259F93E600EF11A0 /* ExtractResultLogic.swift */,
			);
			path = Model;
			sourceTree = "<group>";
		};
/* End PBXGroup section */

/* Begin PBXNativeTarget section */
		C5202C0024FAFD9500656F6D /* RandomChoiceTests */ = {
			isa = PBXNativeTarget;
			buildConfigurationList = C5202C0A24FAFD9500656F6D /* Build configuration list for PBXNativeTarget "RandomChoiceTests" */;
			buildPhases = (
				84899D1A4761F5A1652F8618 /* [CP] Check Pods Manifest.lock */,
				C5202BFD24FAFD9500656F6D /* Sources */,
				C5202BFE24FAFD9500656F6D /* Frameworks */,
				C5202BFF24FAFD9500656F6D /* Resources */,
				26FBCF49F7C01DAD9526D83B /* [CP] Embed Pods Frameworks */,
			);
			buildRules = (
			);
			dependencies = (
				C5202C0724FAFD9500656F6D /* PBXTargetDependency */,
			);
			name = RandomChoiceTests;
			productName = RanTests;
			productReference = C5202C0124FAFD9500656F6D /* RandomChoiceTests.xctest */;
			productType = "com.apple.product-type.bundle.unit-test";
		};
		E354B6AA24C42E8E00759289 /* RandomChoiceApp */ = {
			isa = PBXNativeTarget;
			buildConfigurationList = E354B6BF24C42E9400759289 /* Build configuration list for PBXNativeTarget "RandomChoiceApp" */;
			buildPhases = (
				A339018F3D4B7E87BF5113FA /* [CP] Check Pods Manifest.lock */,
				E354B6A724C42E8E00759289 /* Sources */,
				E354B6A824C42E8E00759289 /* Frameworks */,
				E354B6A924C42E8E00759289 /* Resources */,
				857793EA5F1197B0C5B7C2F4 /* [CP] Embed Pods Frameworks */,
				C5765DB625D4263F003CC55F /* Swiftlint */,
				C5A909C925DEEDC60008249D /* Carthago */,
			);
			buildRules = (
			);
			dependencies = (
			);
			name = RandomChoiceApp;
			productName = RandomChoiceApp;
			productReference = E354B6AB24C42E8E00759289 /* Debugさいころdeごはん.app */;
			productType = "com.apple.product-type.application";
		};
/* End PBXNativeTarget section */

/* Begin PBXProject section */
		E354B6A324C42E8E00759289 /* Project object */ = {
			isa = PBXProject;
			attributes = {
				LastSwiftUpdateCheck = 1160;
				LastUpgradeCheck = 1230;
				ORGANIZATIONNAME = "AYANO HARA";
				TargetAttributes = {
					C5202C0024FAFD9500656F6D = {
						CreatedOnToolsVersion = 11.6;
						TestTargetID = E354B6AA24C42E8E00759289;
					};
					E354B6AA24C42E8E00759289 = {
						CreatedOnToolsVersion = 11.6;
					};
				};
			};
			buildConfigurationList = E354B6A624C42E8E00759289 /* Build configuration list for PBXProject "RandomChoiceApp" */;
			compatibilityVersion = "Xcode 9.3";
			developmentRegion = en;
			hasScannedForEncodings = 0;
			knownRegions = (
				en,
				Base,
			);
			mainGroup = E354B6A224C42E8E00759289;
			productRefGroup = E354B6AC24C42E8E00759289 /* Products */;
			projectDirPath = "";
			projectRoot = "";
			targets = (
				E354B6AA24C42E8E00759289 /* RandomChoiceApp */,
				C5202C0024FAFD9500656F6D /* RandomChoiceTests */,
			);
		};
/* End PBXProject section */

/* Begin PBXResourcesBuildPhase section */
		C5202BFF24FAFD9500656F6D /* Resources */ = {
			isa = PBXResourcesBuildPhase;
			buildActionMask = 2147483647;
			files = (
			);
			runOnlyForDeploymentPostprocessing = 0;
		};
		E354B6A924C42E8E00759289 /* Resources */ = {
			isa = PBXResourcesBuildPhase;
			buildActionMask = 2147483647;
			files = (
				E3D7A6BD24CDF0CB005B3249 /* GoogleService-Info.plist in Resources */,
				E354B6BB24C42E9400759289 /* LaunchScreen.storyboard in Resources */,
				E354B6B824C42E9400759289 /* Assets.xcassets in Resources */,
				C548E98624C5EFE5008685D7 /* CommonActionButtonTableViewCell.xib in Resources */,
				E3955A3B24C5635C0028FD67 /* ListPageTableViewCell.xib in Resources */,
				E3549030256BF2C40038305A /* SettingTableViewCell.xib in Resources */,
				E354B6B624C42E8E00759289 /* Main.storyboard in Resources */,
				C5780BB224C4997A0007972D /* SignupCategoryTableViewCell.xib in Resources */,
				E3955A4324C6D1E60028FD67 /* RandomChoiceButtonTableViewCell.xib in Resources */,
			);
			runOnlyForDeploymentPostprocessing = 0;
		};
/* End PBXResourcesBuildPhase section */

/* Begin PBXShellScriptBuildPhase section */
		26FBCF49F7C01DAD9526D83B /* [CP] Embed Pods Frameworks */ = {
			isa = PBXShellScriptBuildPhase;
			buildActionMask = 2147483647;
			files = (
			);
			inputFileListPaths = (
				"${PODS_ROOT}/Target Support Files/Pods-RandomChoiceTests/Pods-RandomChoiceTests-frameworks-${CONFIGURATION}-input-files.xcfilelist",
			);
			name = "[CP] Embed Pods Frameworks";
			outputFileListPaths = (
				"${PODS_ROOT}/Target Support Files/Pods-RandomChoiceTests/Pods-RandomChoiceTests-frameworks-${CONFIGURATION}-output-files.xcfilelist",
			);
			runOnlyForDeploymentPostprocessing = 0;
			shellPath = /bin/sh;
			shellScript = "\"${PODS_ROOT}/Target Support Files/Pods-RandomChoiceTests/Pods-RandomChoiceTests-frameworks.sh\"\n";
			showEnvVarsInLog = 0;
		};
		84899D1A4761F5A1652F8618 /* [CP] Check Pods Manifest.lock */ = {
			isa = PBXShellScriptBuildPhase;
			buildActionMask = 2147483647;
			files = (
			);
			inputFileListPaths = (
			);
			inputPaths = (
				"${PODS_PODFILE_DIR_PATH}/Podfile.lock",
				"${PODS_ROOT}/Manifest.lock",
			);
			name = "[CP] Check Pods Manifest.lock";
			outputFileListPaths = (
			);
			outputPaths = (
				"$(DERIVED_FILE_DIR)/Pods-RandomChoiceTests-checkManifestLockResult.txt",
			);
			runOnlyForDeploymentPostprocessing = 0;
			shellPath = /bin/sh;
			shellScript = "diff \"${PODS_PODFILE_DIR_PATH}/Podfile.lock\" \"${PODS_ROOT}/Manifest.lock\" > /dev/null\nif [ $? != 0 ] ; then\n    # print error to STDERR\n    echo \"error: The sandbox is not in sync with the Podfile.lock. Run 'pod install' or update your CocoaPods installation.\" >&2\n    exit 1\nfi\n# This output is used by Xcode 'outputs' to avoid re-running this script phase.\necho \"SUCCESS\" > \"${SCRIPT_OUTPUT_FILE_0}\"\n";
			showEnvVarsInLog = 0;
		};
		857793EA5F1197B0C5B7C2F4 /* [CP] Embed Pods Frameworks */ = {
			isa = PBXShellScriptBuildPhase;
			buildActionMask = 2147483647;
			files = (
			);
			inputFileListPaths = (
				"${PODS_ROOT}/Target Support Files/Pods-RandomChoiceApp/Pods-RandomChoiceApp-frameworks-${CONFIGURATION}-input-files.xcfilelist",
			);
			name = "[CP] Embed Pods Frameworks";
			outputFileListPaths = (
				"${PODS_ROOT}/Target Support Files/Pods-RandomChoiceApp/Pods-RandomChoiceApp-frameworks-${CONFIGURATION}-output-files.xcfilelist",
			);
			runOnlyForDeploymentPostprocessing = 0;
			shellPath = /bin/sh;
			shellScript = "\"${PODS_ROOT}/Target Support Files/Pods-RandomChoiceApp/Pods-RandomChoiceApp-frameworks.sh\"\n";
			showEnvVarsInLog = 0;
		};
		A339018F3D4B7E87BF5113FA /* [CP] Check Pods Manifest.lock */ = {
			isa = PBXShellScriptBuildPhase;
			buildActionMask = 2147483647;
			files = (
			);
			inputFileListPaths = (
			);
			inputPaths = (
				"${PODS_PODFILE_DIR_PATH}/Podfile.lock",
				"${PODS_ROOT}/Manifest.lock",
			);
			name = "[CP] Check Pods Manifest.lock";
			outputFileListPaths = (
			);
			outputPaths = (
				"$(DERIVED_FILE_DIR)/Pods-RandomChoiceApp-checkManifestLockResult.txt",
			);
			runOnlyForDeploymentPostprocessing = 0;
			shellPath = /bin/sh;
			shellScript = "diff \"${PODS_PODFILE_DIR_PATH}/Podfile.lock\" \"${PODS_ROOT}/Manifest.lock\" > /dev/null\nif [ $? != 0 ] ; then\n    # print error to STDERR\n    echo \"error: The sandbox is not in sync with the Podfile.lock. Run 'pod install' or update your CocoaPods installation.\" >&2\n    exit 1\nfi\n# This output is used by Xcode 'outputs' to avoid re-running this script phase.\necho \"SUCCESS\" > \"${SCRIPT_OUTPUT_FILE_0}\"\n";
			showEnvVarsInLog = 0;
		};
		C5765DB625D4263F003CC55F /* Swiftlint */ = {
			isa = PBXShellScriptBuildPhase;
			buildActionMask = 2147483647;
			files = (
			);
			inputFileListPaths = (
			);
			inputPaths = (
			);
			name = Swiftlint;
			outputFileListPaths = (
			);
			outputPaths = (
			);
			runOnlyForDeploymentPostprocessing = 0;
			shellPath = /bin/sh;
			shellScript = "if which \"${PODS_ROOT}/SwiftLint/swiftlint\" >/dev/null; then\n    swiftlint autocorrect --format\n    swiftlint\nelse\n    echo \"warning: SwiftLint not installed, download from https://github.com/realm/SwiftLint\"\nfi\n";
		};
		C5A909C925DEEDC60008249D /* Carthago */ = {
			isa = PBXShellScriptBuildPhase;
			buildActionMask = 2147483647;
			files = (
			);
			inputFileListPaths = (
			);
			inputPaths = (
				"$(SRCROOT)/Carthage/Build/iOS/SkeletonView.framework",
				"$(SRCROOT)/Carthage/Build/iOS/Reachability.framework",
			);
			name = Carthago;
			outputFileListPaths = (
			);
			outputPaths = (
			);
			runOnlyForDeploymentPostprocessing = 0;
			shellPath = /bin/sh;
			shellScript = "/usr/local/bin/carthage copy-frameworks\n";
		};
/* End PBXShellScriptBuildPhase section */

/* Begin PBXSourcesBuildPhase section */
		C5202BFD24FAFD9500656F6D /* Sources */ = {
			isa = PBXSourcesBuildPhase;
			buildActionMask = 2147483647;
			files = (
				C517BD2625CFACC600520D0A /* ResultStoreDataModelTests.swift in Sources */,
				C5202C0424FAFD9500656F6D /* RandomChoiceTests.swift in Sources */,
				C5F7785225BDCA1900BB0F98 /* StoreCategoryModelTests.swift in Sources */,
				C5F7780B25BDC64200BB0F98 /* StoreDataContentsModelTests.swift in Sources */,
			);
			runOnlyForDeploymentPostprocessing = 0;
		};
		E354B6A724C42E8E00759289 /* Sources */ = {
			isa = PBXSourcesBuildPhase;
			buildActionMask = 2147483647;
			files = (
				C53EB1F7256D898D00C98935 /* AlertDisplayable.swift in Sources */,
				E3396A4724F90AE10020AF8E /* EditViewController.swift in Sources */,
				C5194F9924E085A40050DE18 /* StoreDataCrudModel.swift in Sources */,
				C5C4B8A0258A5C4800FD2BFE /* CategoryListType.swift in Sources */,
				E354B6B324C42E8E00759289 /* RandomChoiceViewController.swift in Sources */,
				E354B6AF24C42E8E00759289 /* AppDelegate.swift in Sources */,
				E3955A3724C468590028FD67 /* SignupViewController.swift in Sources */,
				E3549029256B92E20038305A /* SettingViewController.swift in Sources */,
				E354902F256BF2C40038305A /* SettingTableViewCell.swift in Sources */,
				C5194F9B24E174D60050DE18 /* StoreData.swift in Sources */,
				E3955A3524C4682F0028FD67 /* ListViewController.swift in Sources */,
				C5F76772259F93E600EF11A0 /* ExtractResultLogic.swift in Sources */,
				E354B6B124C42E8E00759289 /* SceneDelegate.swift in Sources */,
				E3955A4224C6D1E60028FD67 /* RandomChoiceButtonTableViewCell.swift in Sources */,
				C5202BC024FAEAD300656F6D /* Constraints.swift in Sources */,
				C5780BB124C4997A0007972D /* SignupCategoryTableViewCell.swift in Sources */,
				C548E98524C5EFE5008685D7 /* CommonActionButtonTableViewCell.swift in Sources */,
				E3955A3A24C5635C0028FD67 /* ListPageTableViewCell.swift in Sources */,
				C59B1DDF24E9FD5E0060C622 /* UserLoginModel.swift in Sources */,
			);
			runOnlyForDeploymentPostprocessing = 0;
		};
/* End PBXSourcesBuildPhase section */

/* Begin PBXTargetDependency section */
		C5202C0724FAFD9500656F6D /* PBXTargetDependency */ = {
			isa = PBXTargetDependency;
			target = E354B6AA24C42E8E00759289 /* RandomChoiceApp */;
			targetProxy = C5202C0624FAFD9500656F6D /* PBXContainerItemProxy */;
		};
/* End PBXTargetDependency section */

/* Begin PBXVariantGroup section */
		E354B6B424C42E8E00759289 /* Main.storyboard */ = {
			isa = PBXVariantGroup;
			children = (
				E354B6B524C42E8E00759289 /* Base */,
			);
			name = Main.storyboard;
			sourceTree = "<group>";
		};
		E354B6B924C42E9400759289 /* LaunchScreen.storyboard */ = {
			isa = PBXVariantGroup;
			children = (
				E354B6BA24C42E9400759289 /* Base */,
			);
			name = LaunchScreen.storyboard;
			sourceTree = "<group>";
		};
/* End PBXVariantGroup section */

/* Begin XCBuildConfiguration section */
		C5202C0824FAFD9500656F6D /* Debug */ = {
			isa = XCBuildConfiguration;
			baseConfigurationReference = 7FEDBCF6B58ECFEE21A0115D /* Pods-RandomChoiceTests.debug.xcconfig */;
			buildSettings = {
				BUNDLE_LOADER = "$(TEST_HOST)";
				CODE_SIGN_STYLE = Automatic;
				DEVELOPMENT_TEAM = 737XJB84YA;
				INFOPLIST_FILE = RandomChoiceTests/Info.plist;
				IPHONEOS_DEPLOYMENT_TARGET = 13.6;
				LD_RUNPATH_SEARCH_PATHS = (
					"$(inherited)",
					"@executable_path/Frameworks",
					"@loader_path/Frameworks",
				);
				PRODUCT_BUNDLE_IDENTIFIER = com.fuchi.RanTests;
				PRODUCT_NAME = "$(TARGET_NAME)";
				SWIFT_VERSION = 5.0;
				TARGETED_DEVICE_FAMILY = "1,2";
				TEST_HOST = "$(BUILT_PRODUCTS_DIR)/Debugさいころdeごはん.app/Debugさいころdeごはん";
			};
			name = Debug;
		};
		C5202C0924FAFD9500656F6D /* Release */ = {
			isa = XCBuildConfiguration;
			baseConfigurationReference = A6C815289E2C4FE1DBEFF09F /* Pods-RandomChoiceTests.release.xcconfig */;
			buildSettings = {
				BUNDLE_LOADER = "$(TEST_HOST)";
				CODE_SIGN_STYLE = Automatic;
				DEVELOPMENT_TEAM = 737XJB84YA;
				INFOPLIST_FILE = RandomChoiceTests/Info.plist;
				IPHONEOS_DEPLOYMENT_TARGET = 13.6;
				LD_RUNPATH_SEARCH_PATHS = (
					"$(inherited)",
					"@executable_path/Frameworks",
					"@loader_path/Frameworks",
				);
				PRODUCT_BUNDLE_IDENTIFIER = com.fuchi.RanTests;
				PRODUCT_NAME = "$(TARGET_NAME)";
				SWIFT_VERSION = 5.0;
				TARGETED_DEVICE_FAMILY = "1,2";
				TEST_HOST = "$(BUILT_PRODUCTS_DIR)/Debugさいころdeごはん.app/Debugさいころdeごはん";
			};
			name = Release;
		};
		E354B6BD24C42E9400759289 /* Debug */ = {
			isa = XCBuildConfiguration;
			buildSettings = {
				ALWAYS_SEARCH_USER_PATHS = NO;
				BUNDLE_ID_SUFFIX = .debug;
				CLANG_ANALYZER_NONNULL = YES;
				CLANG_ANALYZER_NUMBER_OBJECT_CONVERSION = YES_AGGRESSIVE;
				CLANG_CXX_LANGUAGE_STANDARD = "gnu++14";
				CLANG_CXX_LIBRARY = "libc++";
				CLANG_ENABLE_MODULES = YES;
				CLANG_ENABLE_OBJC_ARC = YES;
				CLANG_ENABLE_OBJC_WEAK = YES;
				CLANG_WARN_BLOCK_CAPTURE_AUTORELEASING = YES;
				CLANG_WARN_BOOL_CONVERSION = YES;
				CLANG_WARN_COMMA = YES;
				CLANG_WARN_CONSTANT_CONVERSION = YES;
				CLANG_WARN_DEPRECATED_OBJC_IMPLEMENTATIONS = YES;
				CLANG_WARN_DIRECT_OBJC_ISA_USAGE = YES_ERROR;
				CLANG_WARN_DOCUMENTATION_COMMENTS = YES;
				CLANG_WARN_EMPTY_BODY = YES;
				CLANG_WARN_ENUM_CONVERSION = YES;
				CLANG_WARN_INFINITE_RECURSION = YES;
				CLANG_WARN_INT_CONVERSION = YES;
				CLANG_WARN_NON_LITERAL_NULL_CONVERSION = YES;
				CLANG_WARN_OBJC_IMPLICIT_RETAIN_SELF = YES;
				CLANG_WARN_OBJC_LITERAL_CONVERSION = YES;
				CLANG_WARN_OBJC_ROOT_CLASS = YES_ERROR;
				CLANG_WARN_QUOTED_INCLUDE_IN_FRAMEWORK_HEADER = YES;
				CLANG_WARN_RANGE_LOOP_ANALYSIS = YES;
				CLANG_WARN_STRICT_PROTOTYPES = YES;
				CLANG_WARN_SUSPICIOUS_MOVE = YES;
				CLANG_WARN_UNGUARDED_AVAILABILITY = YES_AGGRESSIVE;
				CLANG_WARN_UNREACHABLE_CODE = YES;
				CLANG_WARN__DUPLICATE_METHOD_MATCH = YES;
				COPY_PHASE_STRIP = NO;
				DEBUG_INFORMATION_FORMAT = dwarf;
				ENABLE_STRICT_OBJC_MSGSEND = YES;
				ENABLE_TESTABILITY = YES;
				GCC_C_LANGUAGE_STANDARD = gnu11;
				GCC_DYNAMIC_NO_PIC = NO;
				GCC_NO_COMMON_BLOCKS = YES;
				GCC_OPTIMIZATION_LEVEL = 0;
				GCC_PREPROCESSOR_DEFINITIONS = (
					"DEBUG=1",
					"$(inherited)",
				);
				GCC_WARN_64_TO_32_BIT_CONVERSION = YES;
				GCC_WARN_ABOUT_RETURN_TYPE = YES_ERROR;
				GCC_WARN_UNDECLARED_SELECTOR = YES;
				GCC_WARN_UNINITIALIZED_AUTOS = YES_AGGRESSIVE;
				GCC_WARN_UNUSED_FUNCTION = YES;
				GCC_WARN_UNUSED_VARIABLE = YES;
				IPHONEOS_DEPLOYMENT_TARGET = 13.0;
				MTL_ENABLE_DEBUG_INFO = INCLUDE_SOURCE;
				MTL_FAST_MATH = YES;
				ONLY_ACTIVE_ARCH = YES;
				SDKROOT = iphoneos;
				SWIFT_ACTIVE_COMPILATION_CONDITIONS = DEBUG;
				SWIFT_OPTIMIZATION_LEVEL = "-Onone";
			};
			name = Debug;
		};
		E354B6BE24C42E9400759289 /* Release */ = {
			isa = XCBuildConfiguration;
			buildSettings = {
				ALWAYS_SEARCH_USER_PATHS = NO;
				BUNDLE_ID_SUFFIX = "";
				CLANG_ANALYZER_NONNULL = YES;
				CLANG_ANALYZER_NUMBER_OBJECT_CONVERSION = YES_AGGRESSIVE;
				CLANG_CXX_LANGUAGE_STANDARD = "gnu++14";
				CLANG_CXX_LIBRARY = "libc++";
				CLANG_ENABLE_MODULES = YES;
				CLANG_ENABLE_OBJC_ARC = YES;
				CLANG_ENABLE_OBJC_WEAK = YES;
				CLANG_WARN_BLOCK_CAPTURE_AUTORELEASING = YES;
				CLANG_WARN_BOOL_CONVERSION = YES;
				CLANG_WARN_COMMA = YES;
				CLANG_WARN_CONSTANT_CONVERSION = YES;
				CLANG_WARN_DEPRECATED_OBJC_IMPLEMENTATIONS = YES;
				CLANG_WARN_DIRECT_OBJC_ISA_USAGE = YES_ERROR;
				CLANG_WARN_DOCUMENTATION_COMMENTS = YES;
				CLANG_WARN_EMPTY_BODY = YES;
				CLANG_WARN_ENUM_CONVERSION = YES;
				CLANG_WARN_INFINITE_RECURSION = YES;
				CLANG_WARN_INT_CONVERSION = YES;
				CLANG_WARN_NON_LITERAL_NULL_CONVERSION = YES;
				CLANG_WARN_OBJC_IMPLICIT_RETAIN_SELF = YES;
				CLANG_WARN_OBJC_LITERAL_CONVERSION = YES;
				CLANG_WARN_OBJC_ROOT_CLASS = YES_ERROR;
				CLANG_WARN_QUOTED_INCLUDE_IN_FRAMEWORK_HEADER = YES;
				CLANG_WARN_RANGE_LOOP_ANALYSIS = YES;
				CLANG_WARN_STRICT_PROTOTYPES = YES;
				CLANG_WARN_SUSPICIOUS_MOVE = YES;
				CLANG_WARN_UNGUARDED_AVAILABILITY = YES_AGGRESSIVE;
				CLANG_WARN_UNREACHABLE_CODE = YES;
				CLANG_WARN__DUPLICATE_METHOD_MATCH = YES;
				COPY_PHASE_STRIP = NO;
				DEBUG_INFORMATION_FORMAT = "dwarf-with-dsym";
				ENABLE_NS_ASSERTIONS = NO;
				ENABLE_STRICT_OBJC_MSGSEND = YES;
				GCC_C_LANGUAGE_STANDARD = gnu11;
				GCC_NO_COMMON_BLOCKS = YES;
				GCC_WARN_64_TO_32_BIT_CONVERSION = YES;
				GCC_WARN_ABOUT_RETURN_TYPE = YES_ERROR;
				GCC_WARN_UNDECLARED_SELECTOR = YES;
				GCC_WARN_UNINITIALIZED_AUTOS = YES_AGGRESSIVE;
				GCC_WARN_UNUSED_FUNCTION = YES;
				GCC_WARN_UNUSED_VARIABLE = YES;
				IPHONEOS_DEPLOYMENT_TARGET = 13.0;
				MTL_ENABLE_DEBUG_INFO = NO;
				MTL_FAST_MATH = YES;
				SDKROOT = iphoneos;
				SWIFT_COMPILATION_MODE = wholemodule;
				SWIFT_OPTIMIZATION_LEVEL = "-O";
				VALIDATE_PRODUCT = YES;
			};
			name = Release;
		};
		E354B6C024C42E9400759289 /* Debug */ = {
			isa = XCBuildConfiguration;
			baseConfigurationReference = D53F25C5FFD3771D4FEDB82B /* Pods-RandomChoiceApp.debug.xcconfig */;
			buildSettings = {
				ASSETCATALOG_COMPILER_APPICON_NAME = AppIcon;
				CODE_SIGN_STYLE = Automatic;
				CURRENT_PROJECT_VERSION = 10300;
				DEVELOPMENT_TEAM = 737XJB84YA;
				"EXCLUDED_ARCHS[sdk=iphonesimulator*]" = arm64;
				FRAMEWORK_SEARCH_PATHS = (
					"$(inherited)",
					"$(PROJECT_DIR)/Carthage/Build/iOS",
				);
				INFOPLIST_FILE = RandomChoiceApp/Info.plist;
				LD_RUNPATH_SEARCH_PATHS = (
					"$(inherited)",
					"@executable_path/Frameworks",
				);
				MARKETING_VERSION = 1.3.0;
				PRODUCT_BUNDLE_IDENTIFIER = "com.harafuchi.RandomChoiceApp${BUNDLE_ID_SUFFIX}";
				PRODUCT_NAME = "Debugさいころdeごはん";
				SWIFT_VERSION = 5.0;
				TARGETED_DEVICE_FAMILY = "1,2";
			};
			name = Debug;
		};
		E354B6C124C42E9400759289 /* Release */ = {
			isa = XCBuildConfiguration;
			baseConfigurationReference = 60B974E3F6D0AD7408FF8D9C /* Pods-RandomChoiceApp.release.xcconfig */;
			buildSettings = {
				ASSETCATALOG_COMPILER_APPICON_NAME = AppIcon;
				CODE_SIGN_STYLE = Automatic;
				CURRENT_PROJECT_VERSION = 10300;
				DEVELOPMENT_TEAM = 737XJB84YA;
				"EXCLUDED_ARCHS[sdk=iphonesimulator*]" = arm64;
				FRAMEWORK_SEARCH_PATHS = (
					"$(inherited)",
					"$(PROJECT_DIR)/Carthage/Build/iOS",
				);
				INFOPLIST_FILE = RandomChoiceApp/Info.plist;
				LD_RUNPATH_SEARCH_PATHS = (
					"$(inherited)",
					"@executable_path/Frameworks",
				);
				MARKETING_VERSION = 1.3.0;
				PRODUCT_BUNDLE_IDENTIFIER = "com.harafuchi.RandomChoiceApp${BUNDLE_ID_SUFFIX}";
				PRODUCT_NAME = "さいころdeごはん";
				SWIFT_VERSION = 5.0;
				TARGETED_DEVICE_FAMILY = "1,2";
			};
			name = Release;
		};
/* End XCBuildConfiguration section */

/* Begin XCConfigurationList section */
		C5202C0A24FAFD9500656F6D /* Build configuration list for PBXNativeTarget "RandomChoiceTests" */ = {
			isa = XCConfigurationList;
			buildConfigurations = (
				C5202C0824FAFD9500656F6D /* Debug */,
				C5202C0924FAFD9500656F6D /* Release */,
			);
			defaultConfigurationIsVisible = 0;
			defaultConfigurationName = Release;
		};
		E354B6A624C42E8E00759289 /* Build configuration list for PBXProject "RandomChoiceApp" */ = {
			isa = XCConfigurationList;
			buildConfigurations = (
				E354B6BD24C42E9400759289 /* Debug */,
				E354B6BE24C42E9400759289 /* Release */,
			);
			defaultConfigurationIsVisible = 0;
			defaultConfigurationName = Release;
		};
		E354B6BF24C42E9400759289 /* Build configuration list for PBXNativeTarget "RandomChoiceApp" */ = {
			isa = XCConfigurationList;
			buildConfigurations = (
				E354B6C024C42E9400759289 /* Debug */,
				E354B6C124C42E9400759289 /* Release */,
			);
			defaultConfigurationIsVisible = 0;
			defaultConfigurationName = Release;
		};
/* End XCConfigurationList section */
	};
	rootObject = E354B6A324C42E8E00759289 /* Project object */;
}
